
Microsoft Visual Studio Solution File, Format Version 12.00
# Visual Studio Version 17
VisualStudioVersion = 17.1.32328.378
MinimumVisualStudioVersion = 10.0.40219.1
Project("{8BC9CEB8-8B4A-11D0-8D11-00A0C91BC942}") = "Minimum", "Minimum\Minimum.vcxproj", "{E053CA12-76BA-49A8-A982-4E0D44FBFC0D}"
EndProject
Project("{8BC9CEB8-8B4A-11D0-8D11-00A0C91BC942}") = "Fibonacci", "Fibonacci\Fibonacci.vcxproj", "{272D5D39-B6B1-462D-A5A6-A3810AEDCAD5}"
EndProject
Project("{8BC9CEB8-8B4A-11D0-8D11-00A0C91BC942}") = "Vector", "Vector\Vector.vcxproj", "{19E9C44E-D023-4DC2-BFBB-5226ACBD94E1}"
EndProject
Project("{8BC9CEB8-8B4A-11D0-8D11-00A0C91BC942}") = "FibonacciIteration", "FibonacciIteration\FibonacciIteration.vcxproj", "{7CE975EB-2C30-4F88-8982-F02EDAB0A9B8}"
EndProject
Project("{8BC9CEB8-8B4A-11D0-8D11-00A0C91BC942}") = "EuclideanAlgorithm", "EuclideanAlgorithm\EuclideanAlgorithm.vcxproj", "{3CCB9BE7-94C2-4F30-AF03-9D6D1A1E06D4}"
EndProject
Project("{8BC9CEB8-8B4A-11D0-8D11-00A0C91BC942}") = "BubbleSort1", "BubbleSort1\BubbleSort1.vcxproj", "{6B3A1B99-A9C3-491C-B7E5-52B57CD9696F}"
EndProject
Project("{8BC9CEB8-8B4A-11D0-8D11-00A0C91BC942}") = "BubbleSortv2", "BubbleSortv2\BubbleSortv2.vcxproj", "{1C1D1270-04F8-4DE1-A61E-36D87DE661D7}"
EndProject
Project("{8BC9CEB8-8B4A-11D0-8D11-00A0C91BC942}") = "Wyjatki", "Wyjatki\Wyjatki.vcxproj", "{981195FB-A3A6-4A71-A808-BBDF49098876}"
EndProject
Project("{8BC9CEB8-8B4A-11D0-8D11-00A0C91BC942}") = "Zadanie1", "Zadanie1\Zadanie1.vcxproj", "{3D5F9FC7-09E3-49A4-B68C-6DC2655D3BF4}"
EndProject
Global
	GlobalSection(SolutionConfigurationPlatforms) = preSolution
		Debug|x64 = Debug|x64
		Debug|x86 = Debug|x86
		Release|x64 = Release|x64
		Release|x86 = Release|x86
	EndGlobalSection
	GlobalSection(ProjectConfigurationPlatforms) = postSolution
		{E053CA12-76BA-49A8-A982-4E0D44FBFC0D}.Debug|x64.ActiveCfg = Debug|x64
		{E053CA12-76BA-49A8-A982-4E0D44FBFC0D}.Debug|x64.Build.0 = Debug|x64
		{E053CA12-76BA-49A8-A982-4E0D44FBFC0D}.Debug|x86.ActiveCfg = Debug|Win32
		{E053CA12-76BA-49A8-A982-4E0D44FBFC0D}.Debug|x86.Build.0 = Debug|Win32
		{E053CA12-76BA-49A8-A982-4E0D44FBFC0D}.Release|x64.ActiveCfg = Release|x64
		{E053CA12-76BA-49A8-A982-4E0D44FBFC0D}.Release|x64.Build.0 = Release|x64
		{E053CA12-76BA-49A8-A982-4E0D44FBFC0D}.Release|x86.ActiveCfg = Release|Win32
		{E053CA12-76BA-49A8-A982-4E0D44FBFC0D}.Release|x86.Build.0 = Release|Win32
		{272D5D39-B6B1-462D-A5A6-A3810AEDCAD5}.Debug|x64.ActiveCfg = Debug|x64
		{272D5D39-B6B1-462D-A5A6-A3810AEDCAD5}.Debug|x64.Build.0 = Debug|x64
		{272D5D39-B6B1-462D-A5A6-A3810AEDCAD5}.Debug|x86.ActiveCfg = Debug|Win32
		{272D5D39-B6B1-462D-A5A6-A3810AEDCAD5}.Debug|x86.Build.0 = Debug|Win32
		{272D5D39-B6B1-462D-A5A6-A3810AEDCAD5}.Release|x64.ActiveCfg = Release|x64
		{272D5D39-B6B1-462D-A5A6-A3810AEDCAD5}.Release|x64.Build.0 = Release|x64
		{272D5D39-B6B1-462D-A5A6-A3810AEDCAD5}.Release|x86.ActiveCfg = Release|Win32
		{272D5D39-B6B1-462D-A5A6-A3810AEDCAD5}.Release|x86.Build.0 = Release|Win32
		{19E9C44E-D023-4DC2-BFBB-5226ACBD94E1}.Debug|x64.ActiveCfg = Debug|x64
		{19E9C44E-D023-4DC2-BFBB-5226ACBD94E1}.Debug|x64.Build.0 = Debug|x64
		{19E9C44E-D023-4DC2-BFBB-5226ACBD94E1}.Debug|x86.ActiveCfg = Debug|Win32
		{19E9C44E-D023-4DC2-BFBB-5226ACBD94E1}.Debug|x86.Build.0 = Debug|Win32
		{19E9C44E-D023-4DC2-BFBB-5226ACBD94E1}.Release|x64.ActiveCfg = Release|x64
		{19E9C44E-D023-4DC2-BFBB-5226ACBD94E1}.Release|x64.Build.0 = Release|x64
		{19E9C44E-D023-4DC2-BFBB-5226ACBD94E1}.Release|x86.ActiveCfg = Release|Win32
		{19E9C44E-D023-4DC2-BFBB-5226ACBD94E1}.Release|x86.Build.0 = Release|Win32
		{7CE975EB-2C30-4F88-8982-F02EDAB0A9B8}.Debug|x64.ActiveCfg = Debug|x64
		{7CE975EB-2C30-4F88-8982-F02EDAB0A9B8}.Debug|x64.Build.0 = Debug|x64
		{7CE975EB-2C30-4F88-8982-F02EDAB0A9B8}.Debug|x86.ActiveCfg = Debug|Win32
		{7CE975EB-2C30-4F88-8982-F02EDAB0A9B8}.Debug|x86.Build.0 = Debug|Win32
		{7CE975EB-2C30-4F88-8982-F02EDAB0A9B8}.Release|x64.ActiveCfg = Release|x64
		{7CE975EB-2C30-4F88-8982-F02EDAB0A9B8}.Release|x64.Build.0 = Release|x64
		{7CE975EB-2C30-4F88-8982-F02EDAB0A9B8}.Release|x86.ActiveCfg = Release|Win32
		{7CE975EB-2C30-4F88-8982-F02EDAB0A9B8}.Release|x86.Build.0 = Release|Win32
		{3CCB9BE7-94C2-4F30-AF03-9D6D1A1E06D4}.Debug|x64.ActiveCfg = Debug|x64
		{3CCB9BE7-94C2-4F30-AF03-9D6D1A1E06D4}.Debug|x64.Build.0 = Debug|x64
		{3CCB9BE7-94C2-4F30-AF03-9D6D1A1E06D4}.Debug|x86.ActiveCfg = Debug|Win32
		{3CCB9BE7-94C2-4F30-AF03-9D6D1A1E06D4}.Debug|x86.Build.0 = Debug|Win32
		{3CCB9BE7-94C2-4F30-AF03-9D6D1A1E06D4}.Release|x64.ActiveCfg = Release|x64
		{3CCB9BE7-94C2-4F30-AF03-9D6D1A1E06D4}.Release|x64.Build.0 = Release|x64
		{3CCB9BE7-94C2-4F30-AF03-9D6D1A1E06D4}.Release|x86.ActiveCfg = Release|Win32
		{3CCB9BE7-94C2-4F30-AF03-9D6D1A1E06D4}.Release|x86.Build.0 = Release|Win32
		{6B3A1B99-A9C3-491C-B7E5-52B57CD9696F}.Debug|x64.ActiveCfg = Debug|x64
		{6B3A1B99-A9C3-491C-B7E5-52B57CD9696F}.Debug|x64.Build.0 = Debug|x64
		{6B3A1B99-A9C3-491C-B7E5-52B57CD9696F}.Debug|x86.ActiveCfg = Debug|Win32
		{6B3A1B99-A9C3-491C-B7E5-52B57CD9696F}.Debug|x86.Build.0 = Debug|Win32
		{6B3A1B99-A9C3-491C-B7E5-52B57CD9696F}.Release|x64.ActiveCfg = Release|x64
		{6B3A1B99-A9C3-491C-B7E5-52B57CD9696F}.Release|x64.Build.0 = Release|x64
		{6B3A1B99-A9C3-491C-B7E5-52B57CD9696F}.Release|x86.ActiveCfg = Release|Win32
		{6B3A1B99-A9C3-491C-B7E5-52B57CD9696F}.Release|x86.Build.0 = Release|Win32
		{1C1D1270-04F8-4DE1-A61E-36D87DE661D7}.Debug|x64.ActiveCfg = Debug|x64
		{1C1D1270-04F8-4DE1-A61E-36D87DE661D7}.Debug|x64.Build.0 = Debug|x64
		{1C1D1270-04F8-4DE1-A61E-36D87DE661D7}.Debug|x86.ActiveCfg = Debug|Win32
		{1C1D1270-04F8-4DE1-A61E-36D87DE661D7}.Debug|x86.Build.0 = Debug|Win32
		{1C1D1270-04F8-4DE1-A61E-36D87DE661D7}.Release|x64.ActiveCfg = Release|x64
		{1C1D1270-04F8-4DE1-A61E-36D87DE661D7}.Release|x64.Build.0 = Release|x64
		{1C1D1270-04F8-4DE1-A61E-36D87DE661D7}.Release|x86.ActiveCfg = Release|Win32
		{1C1D1270-04F8-4DE1-A61E-36D87DE661D7}.Release|x86.Build.0 = Release|Win32
		{981195FB-A3A6-4A71-A808-BBDF49098876}.Debug|x64.ActiveCfg = Debug|x64
		{981195FB-A3A6-4A71-A808-BBDF49098876}.Debug|x64.Build.0 = Debug|x64
		{981195FB-A3A6-4A71-A808-BBDF49098876}.Debug|x86.ActiveCfg = Debug|Win32
		{981195FB-A3A6-4A71-A808-BBDF49098876}.Debug|x86.Build.0 = Debug|Win32
		{981195FB-A3A6-4A71-A808-BBDF49098876}.Release|x64.ActiveCfg = Release|x64
		{981195FB-A3A6-4A71-A808-BBDF49098876}.Release|x64.Build.0 = Release|x64
		{981195FB-A3A6-4A71-A808-BBDF49098876}.Release|x86.ActiveCfg = Release|Win32
		{981195FB-A3A6-4A71-A808-BBDF49098876}.Release|x86.Build.0 = Release|Win32
		{3D5F9FC7-09E3-49A4-B68C-6DC2655D3BF4}.Debug|x64.ActiveCfg = Debug|x64
		{3D5F9FC7-09E3-49A4-B68C-6DC2655D3BF4}.Debug|x64.Build.0 = Debug|x64
		{3D5F9FC7-09E3-49A4-B68C-6DC2655D3BF4}.Debug|x86.ActiveCfg = Debug|Win32
		{3D5F9FC7-09E3-49A4-B68C-6DC2655D3BF4}.Debug|x86.Build.0 = Debug|Win32
		{3D5F9FC7-09E3-49A4-B68C-6DC2655D3BF4}.Release|x64.ActiveCfg = Release|x64
		{3D5F9FC7-09E3-49A4-B68C-6DC2655D3BF4}.Release|x64.Build.0 = Release|x64
		{3D5F9FC7-09E3-49A4-B68C-6DC2655D3BF4}.Release|x86.ActiveCfg = Release|Win32
		{3D5F9FC7-09E3-49A4-B68C-6DC2655D3BF4}.Release|x86.Build.0 = Release|Win32
	EndGlobalSection
	GlobalSection(SolutionProperties) = preSolution
		HideSolutionNode = FALSE
	EndGlobalSection
	GlobalSection(ExtensibilityGlobals) = postSolution
		SolutionGuid = {9DE930E4-320C-42CE-B0E3-EA83A055BFDC}
	EndGlobalSection
EndGlobal
